# This file is automatically @generated by Cargo.
# It is not intended for manual editing.
[[package]]
name = "cfg-if"
version = "0.1.6"
source = "registry+https://github.com/rust-lang/crates.io-index"

[[package]]
name = "fluence"
version = "0.1.0"
source = "registry+https://github.com/rust-lang/crates.io-index"
dependencies = [
 "fluence-sdk-macro 0.1.0 (registry+https://github.com/rust-lang/crates.io-index)",
 "fluence-sdk-main 0.1.0 (registry+https://github.com/rust-lang/crates.io-index)",
]

[[package]]
name = "fluence-sdk-macro"
version = "0.1.0"
source = "registry+https://github.com/rust-lang/crates.io-index"
dependencies = [
 "fluence-sdk-main 0.1.0 (registry+https://github.com/rust-lang/crates.io-index)",
 "proc-macro2 0.4.27 (registry+https://github.com/rust-lang/crates.io-index)",
 "quote 0.6.11 (registry+https://github.com/rust-lang/crates.io-index)",
 "syn 0.15.26 (registry+https://github.com/rust-lang/crates.io-index)",
]

[[package]]
name = "fluence-sdk-main"
version = "0.1.0"
source = "registry+https://github.com/rust-lang/crates.io-index"
dependencies = [
 "log 0.4.6 (registry+https://github.com/rust-lang/crates.io-index)",
 "syn 0.15.26 (registry+https://github.com/rust-lang/crates.io-index)",
]

[[package]]
name = "hello_world2_2015"
version = "0.1.0"
dependencies = [
 "fluence 0.1.0 (registry+https://github.com/rust-lang/crates.io-index)",
 "log 0.4.6 (registry+https://github.com/rust-lang/crates.io-index)",
]

[[package]]
name = "log"
version = "0.4.6"
source = "registry+https://github.com/rust-lang/crates.io-index"
dependencies = [
 "cfg-if 0.1.6 (registry+https://github.com/rust-lang/crates.io-index)",
]

[[package]]
name = "proc-macro2"
version = "0.4.27"
source = "registry+https://github.com/rust-lang/crates.io-index"
dependencies = [
 "unicode-xid 0.1.0 (registry+https://github.com/rust-lang/crates.io-index)",
]

[[package]]
name = "quote"
version = "0.6.11"
source = "registry+https://github.com/rust-lang/crates.io-index"
dependencies = [
 "proc-macro2 0.4.27 (registry+https://github.com/rust-lang/crates.io-index)",
]

[[package]]
name = "syn"
version = "0.15.26"
source = "registry+https://github.com/rust-lang/crates.io-index"
dependencies = [
 "proc-macro2 0.4.27 (registry+https://github.com/rust-lang/crates.io-index)",
 "quote 0.6.11 (registry+https://github.com/rust-lang/crates.io-index)",
 "unicode-xid 0.1.0 (registry+https://github.com/rust-lang/crates.io-index)",
]

[[package]]
name = "unicode-xid"
version = "0.1.0"
source = "registry+https://github.com/rust-lang/crates.io-index"

[metadata]
"checksum cfg-if 0.1.6 (registry+https://github.com/rust-lang/crates.io-index)" = "082bb9b28e00d3c9d39cc03e64ce4cea0f1bb9b3fde493f0cbc008472d22bdf4"
"checksum fluence 0.1.0 (registry+https://github.com/rust-lang/crates.io-index)" = "2883665a69893743bbd1e1b7877644232608393ddccbb84a3d466bf9ac84240f"
"checksum fluence-sdk-macro 0.1.0 (registry+https://github.com/rust-lang/crates.io-index)" = "5024d2d0881cec4c0724683119d41b8bcfa47048cdb1da6c2bc14e11a4a67a72"
"checksum fluence-sdk-main 0.1.0 (registry+https://github.com/rust-lang/crates.io-index)" = "3435030ef5787d287a4aabce7004c12437496f7ecbad411aee7f0a0ecde3676c"
"checksum log 0.4.6 (registry+https://github.com/rust-lang/crates.io-index)" = "c84ec4b527950aa83a329754b01dbe3f58361d1c5efacd1f6d68c494d08a17c6"
"checksum proc-macro2 0.4.27 (registry+https://github.com/rust-lang/crates.io-index)" = "4d317f9caece796be1980837fd5cb3dfec5613ebdb04ad0956deea83ce168915"
"checksum quote 0.6.11 (registry+https://github.com/rust-lang/crates.io-index)" = "cdd8e04bd9c52e0342b406469d494fcb033be4bdbe5c606016defbb1681411e1"
"checksum syn 0.15.26 (registry+https://github.com/rust-lang/crates.io-index)" = "f92e629aa1d9c827b2bb8297046c1ccffc57c99b947a680d3ccff1f136a3bee9"
"checksum unicode-xid 0.1.0 (registry+https://github.com/rust-lang/crates.io-index)" = "fc72304796d0818e357ead4e000d19c9c174ab23dc11093ac919054d20a6a7fc"
