# This file is automatically @generated by Cargo.
# It is not intended for manual editing.
version = 3

[[package]]
name = "autocfg"
version = "1.1.0"
source = "registry+https://github.com/rust-lang/crates.io-index"
checksum = "d468802bab17cbc0cc575e9b053f41e72aa36bfa6b7f55e3529ffa43161b97fa"

[[package]]
name = "cfg-if"
version = "1.0.0"
source = "registry+https://github.com/rust-lang/crates.io-index"
checksum = "baf1de4339761588bc0619e3cbc0120ee582ebb74b53b4efbf79117bd2da40fd"

[[package]]
name = "chrono"
version = "0.4.19"
source = "registry+https://github.com/rust-lang/crates.io-index"
checksum = "670ad68c9088c2a963aaa298cb369688cf3f9465ce5e2d4ca10e6e0098a1ce73"
dependencies = [
 "libc",
 "num-integer",
 "num-traits",
 "time",
 "winapi",
]

[[package]]
name = "getrandom"
version = "0.2.7"
source = "registry+https://github.com/rust-lang/crates.io-index"
checksum = "4eb1a864a501629691edf6c15a593b7a51eebaa1e8468e9ddc623de7c9b58ec6"
dependencies = [
 "cfg-if",
 "libc",
 "wasi 0.11.0+wasi-snapshot-preview1",
]

[[package]]
name = "itoa"
version = "1.0.2"
source = "registry+https://github.com/rust-lang/crates.io-index"
checksum = "112c678d4050afce233f4f2852bb2eb519230b3cf12f33585275537d7e41578d"

[[package]]
name = "libc"
version = "0.2.126"
source = "registry+https://github.com/rust-lang/crates.io-index"
checksum = "349d5a591cd28b49e1d1037471617a32ddcda5731b99419008085f72d5a53836"

[[package]]
name = "log"
version = "0.4.17"
source = "registry+https://github.com/rust-lang/crates.io-index"
checksum = "abb12e687cfb44aa40f41fc3978ef76448f9b6038cad6aef4259d3c095a2382e"
dependencies = [
 "cfg-if",
]

[[package]]
name = "marine-macro"
version = "0.7.0"
source = "registry+https://github.com/rust-lang/crates.io-index"
checksum = "c5f21b40612e9da310a6df1e394cc30b4962bb4ddc13ee50faec6d2704861b7b"
dependencies = [
 "marine-macro-impl",
 "marine-rs-sdk-main",
]

[[package]]
name = "marine-macro-impl"
version = "0.7.0"
source = "registry+https://github.com/rust-lang/crates.io-index"
checksum = "f43b2b1e5bc5aebdaac7029cfd84a038cd11b23a023e724548f863618716f44e"
dependencies = [
 "proc-macro2",
 "quote",
 "serde",
 "serde_json",
 "syn",
 "uuid",
]

[[package]]
name = "marine-rs-sdk"
version = "0.7.0"
source = "registry+https://github.com/rust-lang/crates.io-index"
checksum = "4208762a010c41a6352a651061fcd1a7bb077c6a3548be8ccd84fe79c3e1ddbd"
dependencies = [
 "marine-macro",
 "marine-rs-sdk-main",
 "marine-timestamp-macro",
 "polyplets",
 "serde",
]

[[package]]
name = "marine-rs-sdk-main"
version = "0.7.0"
source = "registry+https://github.com/rust-lang/crates.io-index"
checksum = "0751f4093511b4d8942bed9402dba70ff927cb4df9b18632443294d1cbc51e1a"
dependencies = [
 "log",
 "serde",
]

[[package]]
name = "marine-timestamp-macro"
version = "0.7.0"
source = "registry+https://github.com/rust-lang/crates.io-index"
checksum = "5297d57cecd75d71feb0c94da9027891e3c31215e23425b0e5dea9a5a7e60230"
dependencies = [
 "chrono",
 "quote",
]

[[package]]
name = "num-integer"
version = "0.1.45"
source = "registry+https://github.com/rust-lang/crates.io-index"
checksum = "225d3389fb3509a24c93f5c29eb6bde2586b98d9f016636dff58d7c6f7569cd9"
dependencies = [
 "autocfg",
 "num-traits",
]

[[package]]
name = "num-traits"
version = "0.2.15"
source = "registry+https://github.com/rust-lang/crates.io-index"
checksum = "578ede34cf02f8924ab9447f50c28075b4d3e5b269972345e7e0372b38c6cdcd"
dependencies = [
 "autocfg",
]

[[package]]
name = "once_cell"
version = "1.13.0"
source = "registry+https://github.com/rust-lang/crates.io-index"
checksum = "18a6dbe30758c9f83eb00cbea4ac95966305f5a7772f3f42ebfc7fc7eddbd8e1"

[[package]]
name = "polyplets"
version = "0.3.0"
source = "registry+https://github.com/rust-lang/crates.io-index"
checksum = "407811d09f3e0fb2086060afdfbad2e6bb5b63c300edeec93358bb5b8a8e4257"
dependencies = [
 "marine-macro",
 "marine-rs-sdk-main",
 "serde",
]

[[package]]
name = "proc-macro2"
version = "1.0.42"
source = "registry+https://github.com/rust-lang/crates.io-index"
checksum = "c278e965f1d8cf32d6e0e96de3d3e79712178ae67986d9cf9151f51e95aac89b"
dependencies = [
 "unicode-ident",
]

[[package]]
name = "quote"
version = "1.0.20"
source = "registry+https://github.com/rust-lang/crates.io-index"
checksum = "3bcdf212e9776fbcb2d23ab029360416bb1706b1aea2d1a5ba002727cbcab804"
dependencies = [
 "proc-macro2",
]

[[package]]
name = "ryu"
version = "1.0.10"
source = "registry+https://github.com/rust-lang/crates.io-index"
checksum = "f3f6f92acf49d1b98f7a81226834412ada05458b7364277387724a237f062695"

[[package]]
name = "serde"
version = "1.0.141"
source = "registry+https://github.com/rust-lang/crates.io-index"
checksum = "7af873f2c95b99fcb0bd0fe622a43e29514658873c8ceba88c4cb88833a22500"
dependencies = [
 "serde_derive",
]

[[package]]
name = "serde_derive"
version = "1.0.141"
source = "registry+https://github.com/rust-lang/crates.io-index"
checksum = "75743a150d003dd863b51dc809bcad0d73f2102c53632f1e954e738192a3413f"
dependencies = [
 "proc-macro2",
 "quote",
 "syn",
]

[[package]]
name = "serde_json"
version = "1.0.82"
source = "registry+https://github.com/rust-lang/crates.io-index"
checksum = "82c2c1fdcd807d1098552c5b9a36e425e42e9fbd7c6a37a8425f390f781f7fa7"
dependencies = [
 "itoa",
 "ryu",
 "serde",
]

[[package]]
name = "syn"
version = "1.0.98"
source = "registry+https://github.com/rust-lang/crates.io-index"
checksum = "c50aef8a904de4c23c788f104b7dddc7d6f79c647c7c8ce4cc8f73eb0ca773dd"
dependencies = [
 "proc-macro2",
 "quote",
 "unicode-ident",
]

[[package]]
name = "tetraplets"
version = "0.2.0"
dependencies = [
 "marine-rs-sdk",
 "once_cell",
]

[[package]]
name = "time"
version = "0.1.44"
source = "registry+https://github.com/rust-lang/crates.io-index"
checksum = "6db9e6914ab8b1ae1c260a4ae7a49b6c5611b40328a735b21862567685e73255"
dependencies = [
 "libc",
 "wasi 0.10.0+wasi-snapshot-preview1",
 "winapi",
]

[[package]]
name = "unicode-ident"
version = "1.0.2"
source = "registry+https://github.com/rust-lang/crates.io-index"
checksum = "15c61ba63f9235225a22310255a29b806b907c9b8c964bcbd0a2c70f3f2deea7"

[[package]]
name = "uuid"
version = "0.8.2"
source = "registry+https://github.com/rust-lang/crates.io-index"
checksum = "bc5cf98d8186244414c848017f0e2676b3fcb46807f6668a97dfe67359a3c4b7"
dependencies = [
 "getrandom",
]

[[package]]
name = "wasi"
version = "0.10.0+wasi-snapshot-preview1"
source = "registry+https://github.com/rust-lang/crates.io-index"
checksum = "1a143597ca7c7793eff794def352d41792a93c481eb1042423ff7ff72ba2c31f"

[[package]]
name = "wasi"
version = "0.11.0+wasi-snapshot-preview1"
source = "registry+https://github.com/rust-lang/crates.io-index"
checksum = "9c8d87e72b64a3b4db28d11ce29237c246188f4f51057d65a7eab63b7987e423"

[[package]]
name = "winapi"
version = "0.3.9"
source = "registry+https://github.com/rust-lang/crates.io-index"
checksum = "5c839a674fcd7a98952e593242ea400abe93992746761e38641405d28b00f419"
dependencies = [
 "winapi-i686-pc-windows-gnu",
 "winapi-x86_64-pc-windows-gnu",
]

[[package]]
name = "winapi-i686-pc-windows-gnu"
version = "0.4.0"
source = "registry+https://github.com/rust-lang/crates.io-index"
checksum = "ac3b87c63620426dd9b991e5ce0329eff545bccbbb34f3be09ff6fb6ab51b7b6"

[[package]]
name = "winapi-x86_64-pc-windows-gnu"
version = "0.4.0"
source = "registry+https://github.com/rust-lang/crates.io-index"
checksum = "712e227841d057c1ee1cd2fb22fa7e5a5461ae8e48fa2ca79ec42cfc1931183f"
