# This file is automatically @generated by Cargo.
# It is not intended for manual editing.
version = 3

[[package]]
name = "autocfg"
version = "1.0.1"
source = "registry+https://github.com/rust-lang/crates.io-index"
checksum = "cdb031dd78e28731d87d56cc8ffef4a8f36ca26c38fe2de700543e627f8a464a"

[[package]]
name = "cfg-if"
version = "1.0.0"
source = "registry+https://github.com/rust-lang/crates.io-index"
checksum = "baf1de4339761588bc0619e3cbc0120ee582ebb74b53b4efbf79117bd2da40fd"

[[package]]
name = "chrono"
version = "0.4.19"
source = "registry+https://github.com/rust-lang/crates.io-index"
checksum = "670ad68c9088c2a963aaa298cb369688cf3f9465ce5e2d4ca10e6e0098a1ce73"
dependencies = [
 "libc",
 "num-integer",
 "num-traits",
 "time",
 "winapi",
]

[[package]]
name = "fce-timestamp-macro"
version = "0.6.1"
source = "registry+https://github.com/rust-lang/crates.io-index"
checksum = "3c59a6302902583b2c84e87de9d72b949da4396a369baf0aaa49e97021600bb0"
dependencies = [
 "chrono",
 "quote",
]

[[package]]
name = "fluence"
version = "0.6.1"
source = "registry+https://github.com/rust-lang/crates.io-index"
checksum = "54b2f78a2432dcd10e7113f9f08aac004373dee610a3b4ca692d5b12a3e7c867"
dependencies = [
 "fce-timestamp-macro",
 "fluence-sdk-macro",
 "fluence-sdk-main",
 "serde",
]

[[package]]
name = "fluence-sdk-macro"
version = "0.6.1"
source = "registry+https://github.com/rust-lang/crates.io-index"
checksum = "cb43d2f51f1becb70e2125ef8ca9759597900f95cc22ce7dca981a7d6ccd7dde"
dependencies = [
 "fluence-sdk-wit",
]

[[package]]
name = "fluence-sdk-main"
version = "0.6.1"
source = "registry+https://github.com/rust-lang/crates.io-index"
checksum = "a78910d85e3cdcb9c2baf56144f20a99925c67ac445d4156220c005bfd2f9604"
dependencies = [
 "fluence-sdk-macro",
 "log",
 "serde",
]

[[package]]
name = "fluence-sdk-wit"
version = "0.6.1"
source = "registry+https://github.com/rust-lang/crates.io-index"
checksum = "eab3ed39703b72e0e52bce9e1760746c73f65a5694c8da4dec751d3bfdec15b8"
dependencies = [
 "proc-macro2",
 "quote",
 "serde",
 "serde_json",
 "syn",
 "uuid",
]

[[package]]
name = "getrandom"
version = "0.2.2"
source = "registry+https://github.com/rust-lang/crates.io-index"
checksum = "c9495705279e7140bf035dde1f6e750c162df8b625267cd52cc44e0b156732c8"
dependencies = [
 "cfg-if",
 "libc",
 "wasi",
]

[[package]]
name = "itoa"
version = "0.4.7"
source = "registry+https://github.com/rust-lang/crates.io-index"
checksum = "dd25036021b0de88a0aff6b850051563c6516d0bf53f8638938edbb9de732736"

[[package]]
name = "libc"
version = "0.2.94"
source = "registry+https://github.com/rust-lang/crates.io-index"
checksum = "18794a8ad5b29321f790b55d93dfba91e125cb1a9edbd4f8e3150acc771c1a5e"

[[package]]
name = "log"
version = "0.4.14"
source = "registry+https://github.com/rust-lang/crates.io-index"
checksum = "51b9bbe6c47d51fc3e1a9b945965946b4c44142ab8792c50835a980d362c2710"
dependencies = [
 "cfg-if",
]

[[package]]
name = "num-integer"
version = "0.1.44"
source = "registry+https://github.com/rust-lang/crates.io-index"
checksum = "d2cc698a63b549a70bc047073d2949cce27cd1c7b0a4a862d08a8031bc2801db"
dependencies = [
 "autocfg",
 "num-traits",
]

[[package]]
name = "num-traits"
version = "0.2.14"
source = "registry+https://github.com/rust-lang/crates.io-index"
checksum = "9a64b1ec5cda2586e284722486d802acf1f7dbdc623e2bfc57e65ca1cd099290"
dependencies = [
 "autocfg",
]

[[package]]
name = "proc-macro2"
version = "1.0.26"
source = "registry+https://github.com/rust-lang/crates.io-index"
checksum = "a152013215dca273577e18d2bf00fa862b89b24169fb78c4c95aeb07992c9cec"
dependencies = [
 "unicode-xid",
]

[[package]]
name = "quote"
version = "1.0.9"
source = "registry+https://github.com/rust-lang/crates.io-index"
checksum = "c3d0b9745dc2debf507c8422de05d7226cc1f0644216dfdfead988f9b1ab32a7"
dependencies = [
 "proc-macro2",
]

[[package]]
name = "ryu"
version = "1.0.5"
source = "registry+https://github.com/rust-lang/crates.io-index"
checksum = "71d301d4193d031abdd79ff7e3dd721168a9572ef3fe51a1517aba235bd8f86e"

[[package]]
name = "serde"
version = "1.0.118"
source = "registry+https://github.com/rust-lang/crates.io-index"
checksum = "06c64263859d87aa2eb554587e2d23183398d617427327cf2b3d0ed8c69e4800"
dependencies = [
 "serde_derive",
]

[[package]]
name = "serde_derive"
version = "1.0.118"
source = "registry+https://github.com/rust-lang/crates.io-index"
checksum = "c84d3526699cd55261af4b941e4e725444df67aa4f9e6a3564f18030d12672df"
dependencies = [
 "proc-macro2",
 "quote",
 "syn",
]

[[package]]
name = "serde_json"
version = "1.0.64"
source = "registry+https://github.com/rust-lang/crates.io-index"
checksum = "799e97dc9fdae36a5c8b8f2cae9ce2ee9fdce2058c57a93e6099d919fd982f79"
dependencies = [
 "itoa",
 "ryu",
 "serde",
]

[[package]]
name = "syn"
version = "1.0.71"
source = "registry+https://github.com/rust-lang/crates.io-index"
checksum = "ad184cc9470f9117b2ac6817bfe297307418819ba40552f9b3846f05c33d5373"
dependencies = [
 "proc-macro2",
 "quote",
 "unicode-xid",
]

[[package]]
name = "tetraplets"
version = "0.1.0"
dependencies = [
 "fluence",
]

[[package]]
name = "time"
version = "0.1.44"
source = "registry+https://github.com/rust-lang/crates.io-index"
checksum = "6db9e6914ab8b1ae1c260a4ae7a49b6c5611b40328a735b21862567685e73255"
dependencies = [
 "libc",
 "wasi",
 "winapi",
]

[[package]]
name = "unicode-xid"
version = "0.2.1"
source = "registry+https://github.com/rust-lang/crates.io-index"
checksum = "f7fe0bb3479651439c9112f72b6c505038574c9fbb575ed1bf3b797fa39dd564"

[[package]]
name = "uuid"
version = "0.8.2"
source = "registry+https://github.com/rust-lang/crates.io-index"
checksum = "bc5cf98d8186244414c848017f0e2676b3fcb46807f6668a97dfe67359a3c4b7"
dependencies = [
 "getrandom",
]

[[package]]
name = "wasi"
version = "0.10.0+wasi-snapshot-preview1"
source = "registry+https://github.com/rust-lang/crates.io-index"
checksum = "1a143597ca7c7793eff794def352d41792a93c481eb1042423ff7ff72ba2c31f"

[[package]]
name = "winapi"
version = "0.3.9"
source = "registry+https://github.com/rust-lang/crates.io-index"
checksum = "5c839a674fcd7a98952e593242ea400abe93992746761e38641405d28b00f419"
dependencies = [
 "winapi-i686-pc-windows-gnu",
 "winapi-x86_64-pc-windows-gnu",
]

[[package]]
name = "winapi-i686-pc-windows-gnu"
version = "0.4.0"
source = "registry+https://github.com/rust-lang/crates.io-index"
checksum = "ac3b87c63620426dd9b991e5ce0329eff545bccbbb34f3be09ff6fb6ab51b7b6"

[[package]]
name = "winapi-x86_64-pc-windows-gnu"
version = "0.4.0"
source = "registry+https://github.com/rust-lang/crates.io-index"
checksum = "712e227841d057c1ee1cd2fb22fa7e5a5461ae8e48fa2ca79ec42cfc1931183f"
