[[package]]
name = "factorization_reikna"
version = "0.1.1"
dependencies = [
 "reikna 0.6.0 (registry+https://github.com/rust-lang/crates.io-index)",
]

[[package]]
name = "reikna"
version = "0.6.0"
source = "registry+https://github.com/rust-lang/crates.io-index"

[metadata]
"checksum reikna 0.6.0 (registry+https://github.com/rust-lang/crates.io-index)" = "aa13e9f49ac3ebaa96d1801273aff2d7f8e3f87a0b7a6643be82694566dc8131"
